
Microsoft Visual Studio Solution File, Format Version 12.00
# Visual Studio Version 17
VisualStudioVersion = 17.3.32922.545
MinimumVisualStudioVersion = 10.0.40219.1
Project("{FAE04EC0-301F-11D3-BF4B-00C04F79EFBC}") = "StartupPageLoader", "StartupPageLoader.csproj", "{79DE280E-ADB7-4F42-9C4E-C4911ADC4416}"
EndProject
Global
	GlobalSection(SolutionConfigurationPlatforms) = preSolution
		Debug|Any CPU = Debug|Any CPU
		Release|Any CPU = Release|Any CPU
	EndGlobalSection
	GlobalSection(ProjectConfigurationPlatforms) = postSolution
		{79DE280E-ADB7-4F42-9C4E-C4911ADC4416}.Debug|Any CPU.ActiveCfg = Debug|Any CPU
		{79DE280E-ADB7-4F42-9C4E-C4911ADC4416}.Debug|Any CPU.Build.0 = Debug|Any CPU
		{79DE280E-ADB7-4F42-9C4E-C4911ADC4416}.Release|Any CPU.ActiveCfg = Release|Any CPU
		{79DE280E-ADB7-4F42-9C4E-C4911ADC4416}.Release|Any CPU.Build.0 = Release|Any CPU
	EndGlobalSection
	GlobalSection(SolutionProperties) = preSolution
		HideSolutionNode = FALSE
	EndGlobalSection
	GlobalSection(ExtensibilityGlobals) = postSolution
		SolutionGuid = {0EE3B4D8-3EB8-4FBF-9B4E-A78D8C586C00}
	EndGlobalSection
EndGlobal
